
Microsoft Visual Studio Solution File, Format Version 12.00
# Visual Studio Version 16
VisualStudioVersion = 16.0.31005.135
MinimumVisualStudioVersion = 10.0.40219.1
Project("{FAE04EC0-301F-11D3-BF4B-00C04F79EFBC}") = "console-programlama", "console-programlama\console-programlama.csproj", "{C364D397-D0FE-4A0C-85D5-FF9F40B2B0D1}"
EndProject
Project("{FAE04EC0-301F-11D3-BF4B-00C04F79EFBC}") = "degiskenler", "degiskenler\degiskenler.csproj", "{86E880FB-2050-4BF8-9B38-F530F76D4D40}"
EndProject
Project("{FAE04EC0-301F-11D3-BF4B-00C04F79EFBC}") = "operatorler", "operatorler\operatorler.csproj", "{40A3FA3D-5043-4E29-94B9-946ECD706261}"
EndProject
Project("{FAE04EC0-301F-11D3-BF4B-00C04F79EFBC}") = "tipDonusumleri", "tipDonusumleri\tipDonusumleri.csproj", "{22F23537-9071-40A5-8CE8-A1EBF06843A2}"
EndProject
Project("{FAE04EC0-301F-11D3-BF4B-00C04F79EFBC}") = "tryCatch", "tryCatch\tryCatch.csproj", "{B8D1E963-70A7-4D05-8087-FF405794CA78}"
EndProject
Project("{FAE04EC0-301F-11D3-BF4B-00C04F79EFBC}") = "if-else", "if-else\if-else.csproj", "{12272D1B-DEC2-459C-BE92-3C4284314BC9}"
EndProject
Project("{FAE04EC0-301F-11D3-BF4B-00C04F79EFBC}") = "switchCase", "switchCase\switchCase.csproj", "{60E735F5-53A8-45F6-8B2D-A6D16190CF0C}"
EndProject
Project("{FAE04EC0-301F-11D3-BF4B-00C04F79EFBC}") = "forDongusu", "forDongusu\forDongusu.csproj", "{700A35BA-D9E0-4169-87F8-1159E111B5DA}"
EndProject
Project("{FAE04EC0-301F-11D3-BF4B-00C04F79EFBC}") = "while-foreach", "while-froeach\while-foreach.csproj", "{A3AB3740-09E9-4180-A6BE-39A937DBB5AD}"
EndProject
Project("{FAE04EC0-301F-11D3-BF4B-00C04F79EFBC}") = "Diziler", "Diziler\Diziler.csproj", "{C232388C-94BD-4341-A393-6CF640FBBB9A}"
EndProject
Global
	GlobalSection(SolutionConfigurationPlatforms) = preSolution
		Debug|Any CPU = Debug|Any CPU
		Release|Any CPU = Release|Any CPU
	EndGlobalSection
	GlobalSection(ProjectConfigurationPlatforms) = postSolution
		{C364D397-D0FE-4A0C-85D5-FF9F40B2B0D1}.Debug|Any CPU.ActiveCfg = Debug|Any CPU
		{C364D397-D0FE-4A0C-85D5-FF9F40B2B0D1}.Debug|Any CPU.Build.0 = Debug|Any CPU
		{C364D397-D0FE-4A0C-85D5-FF9F40B2B0D1}.Release|Any CPU.ActiveCfg = Release|Any CPU
		{C364D397-D0FE-4A0C-85D5-FF9F40B2B0D1}.Release|Any CPU.Build.0 = Release|Any CPU
		{86E880FB-2050-4BF8-9B38-F530F76D4D40}.Debug|Any CPU.ActiveCfg = Debug|Any CPU
		{86E880FB-2050-4BF8-9B38-F530F76D4D40}.Debug|Any CPU.Build.0 = Debug|Any CPU
		{86E880FB-2050-4BF8-9B38-F530F76D4D40}.Release|Any CPU.ActiveCfg = Release|Any CPU
		{86E880FB-2050-4BF8-9B38-F530F76D4D40}.Release|Any CPU.Build.0 = Release|Any CPU
		{40A3FA3D-5043-4E29-94B9-946ECD706261}.Debug|Any CPU.ActiveCfg = Debug|Any CPU
		{40A3FA3D-5043-4E29-94B9-946ECD706261}.Debug|Any CPU.Build.0 = Debug|Any CPU
		{40A3FA3D-5043-4E29-94B9-946ECD706261}.Release|Any CPU.ActiveCfg = Release|Any CPU
		{40A3FA3D-5043-4E29-94B9-946ECD706261}.Release|Any CPU.Build.0 = Release|Any CPU
		{22F23537-9071-40A5-8CE8-A1EBF06843A2}.Debug|Any CPU.ActiveCfg = Debug|Any CPU
		{22F23537-9071-40A5-8CE8-A1EBF06843A2}.Debug|Any CPU.Build.0 = Debug|Any CPU
		{22F23537-9071-40A5-8CE8-A1EBF06843A2}.Release|Any CPU.ActiveCfg = Release|Any CPU
		{22F23537-9071-40A5-8CE8-A1EBF06843A2}.Release|Any CPU.Build.0 = Release|Any CPU
		{B8D1E963-70A7-4D05-8087-FF405794CA78}.Debug|Any CPU.ActiveCfg = Debug|Any CPU
		{B8D1E963-70A7-4D05-8087-FF405794CA78}.Debug|Any CPU.Build.0 = Debug|Any CPU
		{B8D1E963-70A7-4D05-8087-FF405794CA78}.Release|Any CPU.ActiveCfg = Release|Any CPU
		{B8D1E963-70A7-4D05-8087-FF405794CA78}.Release|Any CPU.Build.0 = Release|Any CPU
		{12272D1B-DEC2-459C-BE92-3C4284314BC9}.Debug|Any CPU.ActiveCfg = Debug|Any CPU
		{12272D1B-DEC2-459C-BE92-3C4284314BC9}.Debug|Any CPU.Build.0 = Debug|Any CPU
		{12272D1B-DEC2-459C-BE92-3C4284314BC9}.Release|Any CPU.ActiveCfg = Release|Any CPU
		{12272D1B-DEC2-459C-BE92-3C4284314BC9}.Release|Any CPU.Build.0 = Release|Any CPU
		{60E735F5-53A8-45F6-8B2D-A6D16190CF0C}.Debug|Any CPU.ActiveCfg = Debug|Any CPU
		{60E735F5-53A8-45F6-8B2D-A6D16190CF0C}.Debug|Any CPU.Build.0 = Debug|Any CPU
		{60E735F5-53A8-45F6-8B2D-A6D16190CF0C}.Release|Any CPU.ActiveCfg = Release|Any CPU
		{60E735F5-53A8-45F6-8B2D-A6D16190CF0C}.Release|Any CPU.Build.0 = Release|Any CPU
		{700A35BA-D9E0-4169-87F8-1159E111B5DA}.Debug|Any CPU.ActiveCfg = Debug|Any CPU
		{700A35BA-D9E0-4169-87F8-1159E111B5DA}.Debug|Any CPU.Build.0 = Debug|Any CPU
		{700A35BA-D9E0-4169-87F8-1159E111B5DA}.Release|Any CPU.ActiveCfg = Release|Any CPU
		{700A35BA-D9E0-4169-87F8-1159E111B5DA}.Release|Any CPU.Build.0 = Release|Any CPU
		{A3AB3740-09E9-4180-A6BE-39A937DBB5AD}.Debug|Any CPU.ActiveCfg = Debug|Any CPU
		{A3AB3740-09E9-4180-A6BE-39A937DBB5AD}.Debug|Any CPU.Build.0 = Debug|Any CPU
		{A3AB3740-09E9-4180-A6BE-39A937DBB5AD}.Release|Any CPU.ActiveCfg = Release|Any CPU
		{A3AB3740-09E9-4180-A6BE-39A937DBB5AD}.Release|Any CPU.Build.0 = Release|Any CPU
		{C232388C-94BD-4341-A393-6CF640FBBB9A}.Debug|Any CPU.ActiveCfg = Debug|Any CPU
		{C232388C-94BD-4341-A393-6CF640FBBB9A}.Debug|Any CPU.Build.0 = Debug|Any CPU
		{C232388C-94BD-4341-A393-6CF640FBBB9A}.Release|Any CPU.ActiveCfg = Release|Any CPU
		{C232388C-94BD-4341-A393-6CF640FBBB9A}.Release|Any CPU.Build.0 = Release|Any CPU
	EndGlobalSection
	GlobalSection(SolutionProperties) = preSolution
		HideSolutionNode = FALSE
	EndGlobalSection
	GlobalSection(ExtensibilityGlobals) = postSolution
		SolutionGuid = {DA7AA7FD-5DA8-400D-A456-C06339666634}
	EndGlobalSection
EndGlobal
